
Microsoft Visual Studio Solution File, Format Version 12.00
# Visual Studio 15
VisualStudioVersion = 15.0.26730.16
MinimumVisualStudioVersion = 10.0.40219.1
Project("{FAE04EC0-301F-11D3-BF4B-00C04F79EFBC}") = "ALEWebApp", "ALEWebApp\ALEWebApp.csproj", "{68B7D88E-883B-4BAA-9DB1-ECE884290261}"
EndProject
Project("{FAE04EC0-301F-11D3-BF4B-00C04F79EFBC}") = "Common", "Parser\Common.csproj", "{60B418AF-1456-49AC-91F8-23FF88A94379}"
EndProject
Project("{FAE04EC0-301F-11D3-BF4B-00C04F79EFBC}") = "UnitTest", "UnitTest\UnitTest.csproj", "{C61C4ACD-6E5C-4A15-AACC-0E811BEF8C5B}"
EndProject
Project("{2150E333-8FDC-42A3-9474-1A3956D46DE8}") = "Solution Items", "Solution Items", "{CB7D7370-B2B7-46F0-94C3-7C74C61397FD}"
	ProjectSection(SolutionItems) = preProject
		ProjectTracking.txt = ProjectTracking.txt
	EndProjectSection
EndProject
Global
	GlobalSection(SolutionConfigurationPlatforms) = preSolution
		Debug|Any CPU = Debug|Any CPU
		Release|Any CPU = Release|Any CPU
	EndGlobalSection
	GlobalSection(ProjectConfigurationPlatforms) = postSolution
		{68B7D88E-883B-4BAA-9DB1-ECE884290261}.Debug|Any CPU.ActiveCfg = Debug|Any CPU
		{68B7D88E-883B-4BAA-9DB1-ECE884290261}.Debug|Any CPU.Build.0 = Debug|Any CPU
		{68B7D88E-883B-4BAA-9DB1-ECE884290261}.Release|Any CPU.ActiveCfg = Release|Any CPU
		{68B7D88E-883B-4BAA-9DB1-ECE884290261}.Release|Any CPU.Build.0 = Release|Any CPU
		{60B418AF-1456-49AC-91F8-23FF88A94379}.Debug|Any CPU.ActiveCfg = Debug|Any CPU
		{60B418AF-1456-49AC-91F8-23FF88A94379}.Debug|Any CPU.Build.0 = Debug|Any CPU
		{60B418AF-1456-49AC-91F8-23FF88A94379}.Release|Any CPU.ActiveCfg = Release|Any CPU
		{60B418AF-1456-49AC-91F8-23FF88A94379}.Release|Any CPU.Build.0 = Release|Any CPU
		{C61C4ACD-6E5C-4A15-AACC-0E811BEF8C5B}.Debug|Any CPU.ActiveCfg = Debug|Any CPU
		{C61C4ACD-6E5C-4A15-AACC-0E811BEF8C5B}.Debug|Any CPU.Build.0 = Debug|Any CPU
		{C61C4ACD-6E5C-4A15-AACC-0E811BEF8C5B}.Release|Any CPU.ActiveCfg = Release|Any CPU
		{C61C4ACD-6E5C-4A15-AACC-0E811BEF8C5B}.Release|Any CPU.Build.0 = Release|Any CPU
	EndGlobalSection
	GlobalSection(SolutionProperties) = preSolution
		HideSolutionNode = FALSE
	EndGlobalSection
	GlobalSection(ExtensibilityGlobals) = postSolution
		SolutionGuid = {E659D3DB-E487-427F-A3D3-94E8360ED776}
	EndGlobalSection
EndGlobal
